{
  "name": "change-spy",
  "version": "0.0.1",
  "lockfileVersion": 2,
  "requires": true,
  "packages": {
    "": {
      "name": "change-spy",
      "version": "0.0.1",
      "license": "ISC",
      "bin": {
        "fcheck-init": "index.js",
        "fcheck-restore": "restore.js",
        "fcheck-verify": "verify.js"
      }
    }
  }
}
