{
  "name": "change-spy",
  "version": "0.0.3",
  "lockfileVersion": 2,
  "requires": true,
  "packages": {
    "": {
      "name": "change-spy",
      "version": "0.0.3",
      "license": "GNU",
      "bin": {
        "spy-clear": "commands/clear.js",
        "spy-init": "commands/init.js",
        "spy-list": "commands/list.js",
        "spy-restore": "commands/restore.js",
        "spy-verify": "commands/verify.js"
      }
    }
  }
}
